
Microsoft Visual Studio Solution File, Format Version 12.00
# Visual Studio Version 17
VisualStudioVersion = 17.3.32804.467
MinimumVisualStudioVersion = 10.0.40219.1
Project("{FAE04EC0-301F-11D3-BF4B-00C04F79EFBC}") = "Cockroach run", "Cockroach run\Cockroach run.csproj", "{A1C4141F-B54E-4EE1-A5FF-B48251D3E56B}"
EndProject
Global
	GlobalSection(SolutionConfigurationPlatforms) = preSolution
		Debug|Any CPU = Debug|Any CPU
		Release|Any CPU = Release|Any CPU
	EndGlobalSection
	GlobalSection(ProjectConfigurationPlatforms) = postSolution
		{A1C4141F-B54E-4EE1-A5FF-B48251D3E56B}.Debug|Any CPU.ActiveCfg = Debug|Any CPU
		{A1C4141F-B54E-4EE1-A5FF-B48251D3E56B}.Debug|Any CPU.Build.0 = Debug|Any CPU
		{A1C4141F-B54E-4EE1-A5FF-B48251D3E56B}.Release|Any CPU.ActiveCfg = Release|Any CPU
		{A1C4141F-B54E-4EE1-A5FF-B48251D3E56B}.Release|Any CPU.Build.0 = Release|Any CPU
	EndGlobalSection
	GlobalSection(SolutionProperties) = preSolution
		HideSolutionNode = FALSE
	EndGlobalSection
	GlobalSection(ExtensibilityGlobals) = postSolution
		SolutionGuid = {7E55FBE8-443E-42F3-A273-0CC674C21EBA}
	EndGlobalSection
EndGlobal
